
Microsoft Visual Studio Solution File, Format Version 12.00
# Visual Studio Version 17
VisualStudioVersion = 17.0.31903.59
MinimumVisualStudioVersion = 10.0.40219.1
Project("{2150E333-8FDC-42A3-9474-1A3956D46DE8}") = "src", "src", "{827E0CD3-B72D-47B6-A68D-7590B98EB39B}"
EndProject
Project("{FAE04EC0-301F-11D3-BF4B-00C04F79EFBC}") = "SupportOS.Domain", "src\SupportOS.Domain\SupportOS.Domain.csproj", "{3FEC37A7-FF7F-478A-B650-25D7F2976163}"
EndProject
Project("{FAE04EC0-301F-11D3-BF4B-00C04F79EFBC}") = "SupportOS.Application", "src\SupportOS.Application\SupportOS.Application.csproj", "{DA017E87-FA43-4DCE-AAFA-B0CF4ACCE7A6}"
EndProject
Project("{FAE04EC0-301F-11D3-BF4B-00C04F79EFBC}") = "SupportOS.Infrastructure", "src\SupportOS.Infrastructure\SupportOS.Infrastructure.csproj", "{96F99A0F-CEC1-47BB-8E75-256A5B226FFB}"
EndProject
Project("{FAE04EC0-301F-11D3-BF4B-00C04F79EFBC}") = "SupportOS.API", "src\SupportOS.API\SupportOS.API.csproj", "{F2F60ACA-C3AF-4D21-822D-73F281A56699}"
EndProject
Project("{FAE04EC0-301F-11D3-BF4B-00C04F79EFBC}") = "SupportOS.Tests", "tests\SupportOS.Tests\SupportOS.Tests.csproj", "{77E38A76-412C-439D-B0E8-67988BEDE4A2}"
EndProject
Global
	GlobalSection(SolutionConfigurationPlatforms) = preSolution
		Debug|Any CPU = Debug|Any CPU
		Debug|x64 = Debug|x64
		Debug|x86 = Debug|x86
		Release|Any CPU = Release|Any CPU
		Release|x64 = Release|x64
		Release|x86 = Release|x86
	EndGlobalSection
	GlobalSection(ProjectConfigurationPlatforms) = postSolution
		{3FEC37A7-FF7F-478A-B650-25D7F2976163}.Debug|Any CPU.ActiveCfg = Debug|Any CPU
		{3FEC37A7-FF7F-478A-B650-25D7F2976163}.Debug|Any CPU.Build.0 = Debug|Any CPU
		{3FEC37A7-FF7F-478A-B650-25D7F2976163}.Debug|x64.ActiveCfg = Debug|Any CPU
		{3FEC37A7-FF7F-478A-B650-25D7F2976163}.Debug|x64.Build.0 = Debug|Any CPU
		{3FEC37A7-FF7F-478A-B650-25D7F2976163}.Debug|x86.ActiveCfg = Debug|Any CPU
		{3FEC37A7-FF7F-478A-B650-25D7F2976163}.Debug|x86.Build.0 = Debug|Any CPU
		{3FEC37A7-FF7F-478A-B650-25D7F2976163}.Release|Any CPU.ActiveCfg = Release|Any CPU
		{3FEC37A7-FF7F-478A-B650-25D7F2976163}.Release|Any CPU.Build.0 = Release|Any CPU
		{3FEC37A7-FF7F-478A-B650-25D7F2976163}.Release|x64.ActiveCfg = Release|Any CPU
		{3FEC37A7-FF7F-478A-B650-25D7F2976163}.Release|x64.Build.0 = Release|Any CPU
		{3FEC37A7-FF7F-478A-B650-25D7F2976163}.Release|x86.ActiveCfg = Release|Any CPU
		{3FEC37A7-FF7F-478A-B650-25D7F2976163}.Release|x86.Build.0 = Release|Any CPU
		{DA017E87-FA43-4DCE-AAFA-B0CF4ACCE7A6}.Debug|Any CPU.ActiveCfg = Debug|Any CPU
		{DA017E87-FA43-4DCE-AAFA-B0CF4ACCE7A6}.Debug|Any CPU.Build.0 = Debug|Any CPU
		{DA017E87-FA43-4DCE-AAFA-B0CF4ACCE7A6}.Debug|x64.ActiveCfg = Debug|Any CPU
		{DA017E87-FA43-4DCE-AAFA-B0CF4ACCE7A6}.Debug|x64.Build.0 = Debug|Any CPU
		{DA017E87-FA43-4DCE-AAFA-B0CF4ACCE7A6}.Debug|x86.ActiveCfg = Debug|Any CPU
		{DA017E87-FA43-4DCE-AAFA-B0CF4ACCE7A6}.Debug|x86.Build.0 = Debug|Any CPU
		{DA017E87-FA43-4DCE-AAFA-B0CF4ACCE7A6}.Release|Any CPU.ActiveCfg = Release|Any CPU
		{DA017E87-FA43-4DCE-AAFA-B0CF4ACCE7A6}.Release|Any CPU.Build.0 = Release|Any CPU
		{DA017E87-FA43-4DCE-AAFA-B0CF4ACCE7A6}.Release|x64.ActiveCfg = Release|Any CPU
		{DA017E87-FA43-4DCE-AAFA-B0CF4ACCE7A6}.Release|x64.Build.0 = Release|Any CPU
		{DA017E87-FA43-4DCE-AAFA-B0CF4ACCE7A6}.Release|x86.ActiveCfg = Release|Any CPU
		{DA017E87-FA43-4DCE-AAFA-B0CF4ACCE7A6}.Release|x86.Build.0 = Release|Any CPU
		{96F99A0F-CEC1-47BB-8E75-256A5B226FFB}.Debug|Any CPU.ActiveCfg = Debug|Any CPU
		{96F99A0F-CEC1-47BB-8E75-256A5B226FFB}.Debug|Any CPU.Build.0 = Debug|Any CPU
		{96F99A0F-CEC1-47BB-8E75-256A5B226FFB}.Debug|x64.ActiveCfg = Debug|Any CPU
		{96F99A0F-CEC1-47BB-8E75-256A5B226FFB}.Debug|x64.Build.0 = Debug|Any CPU
		{96F99A0F-CEC1-47BB-8E75-256A5B226FFB}.Debug|x86.ActiveCfg = Debug|Any CPU
		{96F99A0F-CEC1-47BB-8E75-256A5B226FFB}.Debug|x86.Build.0 = Debug|Any CPU
		{96F99A0F-CEC1-47BB-8E75-256A5B226FFB}.Release|Any CPU.ActiveCfg = Release|Any CPU
		{96F99A0F-CEC1-47BB-8E75-256A5B226FFB}.Release|Any CPU.Build.0 = Release|Any CPU
		{96F99A0F-CEC1-47BB-8E75-256A5B226FFB}.Release|x64.ActiveCfg = Release|Any CPU
		{96F99A0F-CEC1-47BB-8E75-256A5B226FFB}.Release|x64.Build.0 = Release|Any CPU
		{96F99A0F-CEC1-47BB-8E75-256A5B226FFB}.Release|x86.ActiveCfg = Release|Any CPU
		{96F99A0F-CEC1-47BB-8E75-256A5B226FFB}.Release|x86.Build.0 = Release|Any CPU
		{F2F60ACA-C3AF-4D21-822D-73F281A56699}.Debug|Any CPU.ActiveCfg = Debug|Any CPU
		{F2F60ACA-C3AF-4D21-822D-73F281A56699}.Debug|Any CPU.Build.0 = Debug|Any CPU
		{F2F60ACA-C3AF-4D21-822D-73F281A56699}.Debug|x64.ActiveCfg = Debug|Any CPU
		{F2F60ACA-C3AF-4D21-822D-73F281A56699}.Debug|x64.Build.0 = Debug|Any CPU
		{F2F60ACA-C3AF-4D21-822D-73F281A56699}.Debug|x86.ActiveCfg = Debug|Any CPU
		{F2F60ACA-C3AF-4D21-822D-73F281A56699}.Debug|x86.Build.0 = Debug|Any CPU
		{F2F60ACA-C3AF-4D21-822D-73F281A56699}.Release|Any CPU.ActiveCfg = Release|Any CPU
		{F2F60ACA-C3AF-4D21-822D-73F281A56699}.Release|Any CPU.Build.0 = Release|Any CPU
		{F2F60ACA-C3AF-4D21-822D-73F281A56699}.Release|x64.ActiveCfg = Release|Any CPU
		{F2F60ACA-C3AF-4D21-822D-73F281A56699}.Release|x64.Build.0 = Release|Any CPU
		{F2F60ACA-C3AF-4D21-822D-73F281A56699}.Release|x86.ActiveCfg = Release|Any CPU
		{F2F60ACA-C3AF-4D21-822D-73F281A56699}.Release|x86.Build.0 = Release|Any CPU
		{77E38A76-412C-439D-B0E8-67988BEDE4A2}.Debug|Any CPU.ActiveCfg = Debug|Any CPU
		{77E38A76-412C-439D-B0E8-67988BEDE4A2}.Debug|Any CPU.Build.0 = Debug|Any CPU
		{77E38A76-412C-439D-B0E8-67988BEDE4A2}.Debug|x64.ActiveCfg = Debug|Any CPU
		{77E38A76-412C-439D-B0E8-67988BEDE4A2}.Debug|x64.Build.0 = Debug|Any CPU
		{77E38A76-412C-439D-B0E8-67988BEDE4A2}.Debug|x86.ActiveCfg = Debug|Any CPU
		{77E38A76-412C-439D-B0E8-67988BEDE4A2}.Debug|x86.Build.0 = Debug|Any CPU
		{77E38A76-412C-439D-B0E8-67988BEDE4A2}.Release|Any CPU.ActiveCfg = Release|Any CPU
		{77E38A76-412C-439D-B0E8-67988BEDE4A2}.Release|Any CPU.Build.0 = Release|Any CPU
		{77E38A76-412C-439D-B0E8-67988BEDE4A2}.Release|x64.ActiveCfg = Release|Any CPU
		{77E38A76-412C-439D-B0E8-67988BEDE4A2}.Release|x64.Build.0 = Release|Any CPU
		{77E38A76-412C-439D-B0E8-67988BEDE4A2}.Release|x86.ActiveCfg = Release|Any CPU
		{77E38A76-412C-439D-B0E8-67988BEDE4A2}.Release|x86.Build.0 = Release|Any CPU
	EndGlobalSection
	GlobalSection(SolutionProperties) = preSolution
		HideSolutionNode = FALSE
	EndGlobalSection
	GlobalSection(NestedProjects) = preSolution
		{3FEC37A7-FF7F-478A-B650-25D7F2976163} = {827E0CD3-B72D-47B6-A68D-7590B98EB39B}
		{DA017E87-FA43-4DCE-AAFA-B0CF4ACCE7A6} = {827E0CD3-B72D-47B6-A68D-7590B98EB39B}
		{96F99A0F-CEC1-47BB-8E75-256A5B226FFB} = {827E0CD3-B72D-47B6-A68D-7590B98EB39B}
		{F2F60ACA-C3AF-4D21-822D-73F281A56699} = {827E0CD3-B72D-47B6-A68D-7590B98EB39B}
		{77E38A76-412C-439D-B0E8-67988BEDE4A2} = {827E0CD3-B72D-47B6-A68D-7590B98EB39B}
	EndGlobalSection
EndGlobal
